Microsoft Visual Studio Solution File, Format Version 12.00
# Visual Studio Version 17
VisualStudioVersion = 17.5.2.0
MinimumVisualStudioVersion = 10.0.40219.1
Project("{2150E333-8FDC-42A3-9474-1A3956D46DE8}") = "01_BasicIO", "01_BasicIO", "{27D75311-406E-1691-F39E-2D0365CA707C}"
EndProject
Project("{2150E333-8FDC-42A3-9474-1A3956D46DE8}") = "02_ClassObject", "02_ClassObject", "{F42F8E40-0EB6-A6F1-45AE-C3A3DD50E5D7}"
EndProject
Project("{2150E333-8FDC-42A3-9474-1A3956D46DE8}") = "03_DataTypes", "03_DataTypes", "{9341400C-54F8-032D-A12D-87B49C95C47A}"
EndProject
Project("{2150E333-8FDC-42A3-9474-1A3956D46DE8}") = "04_ControlStatements", "04_ControlStatements", "{8CC9B9EE-F7A8-C98B-5422-A39EF8E36CCF}"
EndProject
Project("{2150E333-8FDC-42A3-9474-1A3956D46DE8}") = "05_Array", "05_Array", "{45AAAC4D-AB79-25D1-B937-286EFF45002B}"
EndProject
Project("{2150E333-8FDC-42A3-9474-1A3956D46DE8}") = "06_TypeConversion", "06_TypeConversion", "{0E8897E6-677D-38D5-D0F7-888C5B11E5D0}"
EndProject
Project("{2150E333-8FDC-42A3-9474-1A3956D46DE8}") = "07_ConstructorDestructor", "07_ConstructorDestructor", "{5FB9DF65-AA00-703A-AC52-E355A2FF1005}"
EndProject
Project("{2150E333-8FDC-42A3-9474-1A3956D46DE8}") = "08_Structure", "08_Structure", "{B0A79269-7BE9-9F6B-D38F-42B0F13258E3}"
EndProject
Project("{2150E333-8FDC-42A3-9474-1A3956D46DE8}") = "09_PartialClass", "09_PartialClass", "{0080C22F-30BA-0427-575C-8DA39C805279}"
EndProject
Project("{2150E333-8FDC-42A3-9474-1A3956D46DE8}") = "10_StaticClassMethod", "10_StaticClassMethod", "{CCAA759D-2387-7912-C174-17E44E880825}"
EndProject
Project("{2150E333-8FDC-42A3-9474-1A3956D46DE8}") = "11_Inheritance", "11_Inheritance", "{3A0896B3-11CE-55E6-F5ED-2C3124C63125}"
EndProject
Project("{FAE04EC0-301F-11D3-BF4B-00C04F79EFBC}") = "HelloWorld", "01_BasicIO\01_HelloWorld\HelloWorld.csproj", "{6CFA37B7-FD1D-D71C-6263-EC559109B747}"
EndProject
Project("{FAE04EC0-301F-11D3-BF4B-00C04F79EFBC}") = "SumTwoNumber", "01_BasicIO\02_SumTwoNumber\SumTwoNumber.csproj", "{1794AF48-B294-248E-9795-DEBC383CEBDB}"
EndProject
Project("{FAE04EC0-301F-11D3-BF4B-00C04F79EFBC}") = "SumTwoUserInput", "01_BasicIO\03_SumTwoUserInput\SumTwoUserInput.csproj", "{50085792-D8CC-B195-4D94-DEA6A6CAEC1C}"
EndProject
Project("{FAE04EC0-301F-11D3-BF4B-00C04F79EFBC}") = "ConCatString", "01_BasicIO\04_ConCatString\ConCatString.csproj", "{F0478D40-CA68-0131-E686-DB0960D5D67D}"
EndProject
Project("{FAE04EC0-301F-11D3-BF4B-00C04F79EFBC}") = "StringUserInput", "01_BasicIO\05_StringUserInput\StringUserInput.csproj", "{F7300F34-8869-AD21-DFAE-503EB948E616}"
EndProject
Project("{FAE04EC0-301F-11D3-BF4B-00C04F79EFBC}") = "MulTableBasic", "01_BasicIO\06_MulTableBasic\MulTableBasic.csproj", "{CAEBE5BA-9BC1-375B-1593-9F03E2E8946A}"
EndProject
Project("{FAE04EC0-301F-11D3-BF4B-00C04F79EFBC}") = "01_ClassObjectMethod", "02_ClassObject\01_ClassObjectMethod\01_ClassObjectMethod.csproj", "{5FB90B5D-D1CB-C3A9-6C2E-75EF6104B294}"
EndProject
Project("{FAE04EC0-301F-11D3-BF4B-00C04F79EFBC}") = "02_ClassObjectDataMember", "02_ClassObject\02_ClassObjectDataMember\02_ClassObjectDataMember.csproj", "{8985BD44-F975-4ADB-D3EF-C6CC8E8D2077}"
EndProject
Project("{FAE04EC0-301F-11D3-BF4B-00C04F79EFBC}") = "03_ClassObjectUserInput", "02_ClassObject\03_ClassObjectUserInput\03_ClassObjectUserInput.csproj", "{082706ED-7F78-E636-4B1A-FB82E34F564E}"
EndProject
Project("{FAE04EC0-301F-11D3-BF4B-00C04F79EFBC}") = "04_ClassObjectUserInputMethod", "02_ClassObject\04_ClassObjectUserInputMethod\04_ClassObjectUserInputMethod.csproj", "{923C5EBF-AE35-3E84-A07D-40ADAE802626}"
EndProject
Project("{FAE04EC0-301F-11D3-BF4B-00C04F79EFBC}") = "05_ClassObject", "02_ClassObject\05_ClassObject\05_ClassObject.csproj", "{43BEA627-8371-D8C9-70EB-0A39E2C75042}"
EndProject
Project("{FAE04EC0-301F-11D3-BF4B-00C04F79EFBC}") = "01_ValueTypes", "03_DataTypes\01_ValueTypes\01_ValueTypes.csproj", "{E0537870-66A4-AD45-CDD3-C9A9EE8CF914}"
EndProject
Project("{FAE04EC0-301F-11D3-BF4B-00C04F79EFBC}") = "02_ValueTypesBoolean", "03_DataTypes\02_ValueTypesBoolean\02_ValueTypesBoolean.csproj", "{3AD885C4-CE74-4ED2-B9DA-0F10E8B337F8}"
EndProject
Project("{FAE04EC0-301F-11D3-BF4B-00C04F79EFBC}") = "03_ValueTypeByte", "03_DataTypes\03_ValueTypeByte\03_ValueTypeByte.csproj", "{C4BADCF5-7A7D-F24C-D95C-2D7CFA689488}"
EndProject
Project("{FAE04EC0-301F-11D3-BF4B-00C04F79EFBC}") = "04_ValueTypeByteSigned", "03_DataTypes\04_ValueTypeByteSigned\04_ValueTypeByteSigned.csproj", "{47A8B6D1-2713-B5F4-65A0-5AA7C17BF7CA}"
EndProject
Project("{FAE04EC0-301F-11D3-BF4B-00C04F79EFBC}") = "05_ReferenceTypeString", "03_DataTypes\05_ReferenceTypeString\05_ReferenceTypeString.csproj", "{634A2037-BAD9-3928-2F67-CD951A33C6B5}"
EndProject
Project("{FAE04EC0-301F-11D3-BF4B-00C04F79EFBC}") = "06_ReferenceTypeObject", "03_DataTypes\06_ReferenceTypeObject\06_ReferenceTypeObject.csproj", "{B2B2D08C-0ACF-6A3C-DBA2-027564E1D59D}"
EndProject
Project("{FAE04EC0-301F-11D3-BF4B-00C04F79EFBC}") = "01_IfElseElseif", "04_ControlStatements\01_IfElseElseif\01_IfElseElseif.csproj", "{1632D9DB-7395-810F-940A-63ABF6E83B37}"
EndProject
Project("{FAE04EC0-301F-11D3-BF4B-00C04F79EFBC}") = "02_Switch", "04_ControlStatements\02_Switch\02_Switch.csproj", "{01B049E5-E556-66A0-5425-CF3D2D551851}"
EndProject
Project("{FAE04EC0-301F-11D3-BF4B-00C04F79EFBC}") = "03_DoWhile", "04_ControlStatements\03_DoWhile\03_DoWhile.csproj", "{25BAECBA-E612-953F-875D-7F262F065C66}"
EndProject
Project("{FAE04EC0-301F-11D3-BF4B-00C04F79EFBC}") = "04_While", "04_ControlStatements\04_While\04_While.csproj", "{F62F0C23-2E88-CEC5-23E5-DE5D600EE2C7}"
EndProject
Project("{FAE04EC0-301F-11D3-BF4B-00C04F79EFBC}") = "05_For", "04_ControlStatements\05_For\05_For.csproj", "{98BD4BF0-1043-1DA7-80A9-A9100445CF3B}"
EndProject
Project("{FAE04EC0-301F-11D3-BF4B-00C04F79EFBC}") = "06_ForEach", "04_ControlStatements\06_ForEach\06_ForEach.csproj", "{12776F3E-DB7D-9287-A48C-0B09E952150A}"
EndProject
Project("{FAE04EC0-301F-11D3-BF4B-00C04F79EFBC}") = "07_BreakContinue", "04_ControlStatements\07_BreakContinue\07_BreakContinue.csproj", "{FA12A4DD-17F8-3CD4-15F3-7E8BD8C6B8AD}"
EndProject
Project("{FAE04EC0-301F-11D3-BF4B-00C04F79EFBC}") = "08_ReturnAdd", "04_ControlStatements\08_ReturnAdd\08_ReturnAdd.csproj", "{319034E7-F022-2F54-1392-2083ECA0CAA2}"
EndProject
Project("{FAE04EC0-301F-11D3-BF4B-00C04F79EFBC}") = "09_Goto", "04_ControlStatements\09_Goto\09_Goto.csproj", "{A0E386A7-F97A-530E-6D3E-64C41E3BB810}"
EndProject
Project("{FAE04EC0-301F-11D3-BF4B-00C04F79EFBC}") = "01_ArrayNum", "05_Array\01_ArrayNum\01_ArrayNum.csproj", "{4855D8F5-51AA-02EB-BDDA-4F21564B9646}"
EndProject
Project("{FAE04EC0-301F-11D3-BF4B-00C04F79EFBC}") = "02_ArrayString", "05_Array\02_ArrayString\02_ArrayString.csproj", "{66802042-D805-2C4A-A344-B8F672E1AEE8}"
EndProject
Project("{FAE04EC0-301F-11D3-BF4B-00C04F79EFBC}") = "03_ArraySort", "05_Array\03_ArraySort\03_ArraySort.csproj", "{3A17314B-D8F2-9A50-34FC-58E8E666198C}"
EndProject
Project("{FAE04EC0-301F-11D3-BF4B-00C04F79EFBC}") = "04_ArraySortString", "05_Array\04_ArraySortString\04_ArraySortString.csproj", "{2FC20192-0B21-8B69-CCBB-110773AE030A}"
EndProject
Project("{FAE04EC0-301F-11D3-BF4B-00C04F79EFBC}") = "05_ArraySortComplex", "05_Array\05_ArraySortComplex\05_ArraySortComplex.csproj", "{EEA2618A-1BBF-8D0D-4197-35F447E0004E}"
EndProject
Project("{FAE04EC0-301F-11D3-BF4B-00C04F79EFBC}") = "06_Array", "05_Array\06_Array\06_Array.csproj", "{F43E012F-9771-56BB-59AC-F494BCFB0FC6}"
EndProject
Project("{FAE04EC0-301F-11D3-BF4B-00C04F79EFBC}") = "07_ArraySearchNum", "05_Array\07_ArraySearchNum\07_ArraySearchNum.csproj", "{1E1C4E73-E6A3-C4D2-AE75-704CAF79C3B2}"
EndProject
Project("{FAE04EC0-301F-11D3-BF4B-00C04F79EFBC}") = "08_Array2D", "05_Array\08_Array2D\08_Array2D.csproj", "{3E81A65B-1EB1-6793-97A6-09A09FB2281D}"
EndProject
Project("{FAE04EC0-301F-11D3-BF4B-00C04F79EFBC}") = "09_ArrayMultiDimensional", "05_Array\09_ArrayMultiDimensional\09_ArrayMultiDimensional.csproj", "{E1DC6588-F72D-84E3-BE09-F2D8D924E6D7}"
EndProject
Project("{FAE04EC0-301F-11D3-BF4B-00C04F79EFBC}") = "a_implicit", "06_TypeConversion\a_implicit\a_implicit.csproj", "{2039B7EA-945D-E917-98DB-4248FAB11E34}"
EndProject
Project("{FAE04EC0-301F-11D3-BF4B-00C04F79EFBC}") = "b_implicit", "06_TypeConversion\b_implicit\b_implicit.csproj", "{3AD587E1-C9E3-45DA-8DA4-EF7A5D7AA8A7}"
EndProject
Project("{FAE04EC0-301F-11D3-BF4B-00C04F79EFBC}") = "c_implicit", "06_TypeConversion\c_implicit\c_implicit.csproj", "{2F09519E-C09B-B265-D65E-ED0876C6DA15}"
EndProject
Project("{FAE04EC0-301F-11D3-BF4B-00C04F79EFBC}") = "d_explicit", "06_TypeConversion\d_explicit\d_explicit.csproj", "{9AE1E8A1-A995-1080-FF6C-97E8FB19F5A5}"
EndProject
Project("{FAE04EC0-301F-11D3-BF4B-00C04F79EFBC}") = "e_explicit", "06_TypeConversion\e_explicit\e_explicit.csproj", "{41464DAA-C641-AA72-5492-5BFEC0478430}"
EndProject
Project("{FAE04EC0-301F-11D3-BF4B-00C04F79EFBC}") = "f_type_conversion_non_compatible_convert_class", "06_TypeConversion\f_type_conversion_non_compatible_convert_class\f_type_conversion_non_compatible_convert_class.csproj", "{A2D1E7D3-9AD0-E8FF-8B15-C0BB187CA171}"
EndProject
Project("{FAE04EC0-301F-11D3-BF4B-00C04F79EFBC}") = "g_non_compatible_using_convert_class", "06_TypeConversion\g_non_compatible_using_convert_class\g_non_compatible_using_convert_class.csproj", "{8CC41BBB-FA84-30D6-A104-D5AECE8B5461}"
EndProject
Project("{FAE04EC0-301F-11D3-BF4B-00C04F79EFBC}") = "h_non_compatible_using_parse_method", "06_TypeConversion\h_non_compatible_using_parse_method\h_non_compatible_using_parse_method.csproj", "{9B4234E1-A217-0737-6C26-7E2F22D0B2E4}"
EndProject
Project("{FAE04EC0-301F-11D3-BF4B-00C04F79EFBC}") = "a_constructor", "07_ConstructorDestructor\a_constructor\a_constructor.csproj", "{3F9D6E75-FDF9-2FE5-3E32-7445AFA1C324}"
EndProject
Project("{FAE04EC0-301F-11D3-BF4B-00C04F79EFBC}") = "b_constructor", "07_ConstructorDestructor\b_constructor\b_constructor.csproj", "{2C889161-7C9F-5EA3-0F57-A44577A40486}"
EndProject
Project("{FAE04EC0-301F-11D3-BF4B-00C04F79EFBC}") = "c_destructor", "07_ConstructorDestructor\c_destructor\c_destructor.csproj", "{59D3E349-F702-ECF0-22F6-2292AF4F1A04}"
EndProject
Project("{FAE04EC0-301F-11D3-BF4B-00C04F79EFBC}") = "d_parameterized_constructor", "07_ConstructorDestructor\d_parameterized_constructor\d_parameterized_constructor.csproj", "{EFDE4988-AAE5-4B9F-146C-80D0935F53B8}"
EndProject
Project("{FAE04EC0-301F-11D3-BF4B-00C04F79EFBC}") = "e_parameterized_constructor_user_input", "07_ConstructorDestructor\e_parameterized_constructor_user_input\e_parameterized_constructor_user_input.csproj", "{C3ED4205-027D-8A77-D078-55B77EE83FCF}"
EndProject
Project("{FAE04EC0-301F-11D3-BF4B-00C04F79EFBC}") = "f_constructor_overloading_diff_no_of_paras", "07_ConstructorDestructor\f_constructor_overloading_diff_no_of_paras\f_constructor_overloading_diff_no_of_paras.csproj", "{F2613276-B701-BEAD-08B9-FAE2AFC64A54}"
EndProject
Project("{FAE04EC0-301F-11D3-BF4B-00C04F79EFBC}") = "g_constructor_overloading_by_changing_order_of_parameter", "07_ConstructorDestructor\g_constructor_overloading_by_changing_order_of_parameter\g_constructor_overloading_by_changing_order_of_parameter.csproj", "{72C54C45-23CB-A2A7-186C-67B72BCBDDA7}"
EndProject
Project("{FAE04EC0-301F-11D3-BF4B-00C04F79EFBC}") = "h_constructor_overloading_by_diff_data_types", "07_ConstructorDestructor\h_constructor_overloading_by_diff_data_types\h_constructor_overloading_by_diff_data_types.csproj", "{E690D0B2-469A-330F-4A10-817AF85F1487}"
EndProject
Project("{FAE04EC0-301F-11D3-BF4B-00C04F79EFBC}") = "i_copy_constructor", "07_ConstructorDestructor\i_copy_constructor\i_copy_constructor.csproj", "{31DBC7F4-E9AF-9ACA-E77A-7BBF75465ECE}"
EndProject
Project("{FAE04EC0-301F-11D3-BF4B-00C04F79EFBC}") = "a_structure", "08_Structure\a_structure\a_structure.csproj", "{0513F622-B912-BF8C-0506-75B2898BA70B}"
EndProject
Project("{FAE04EC0-301F-11D3-BF4B-00C04F79EFBC}") = "b_structure", "08_Structure\b_structure\b_structure.csproj", "{1E45D298-B7D2-9BD8-BC10-EDC4E1406217}"
EndProject
Project("{FAE04EC0-301F-11D3-BF4B-00C04F79EFBC}") = "a_partial", "09_PartialClass\a_partial\a_partial.csproj", "{2239FAE4-EF0E-2AC2-AAE8-C0A0EFA51ACB}"
EndProject
Project("{FAE04EC0-301F-11D3-BF4B-00C04F79EFBC}") = "b_partial", "09_PartialClass\b_partial\b_partial.csproj", "{4333873F-931A-1C38-AAE1-CA7F91B2226A}"
EndProject
Project("{FAE04EC0-301F-11D3-BF4B-00C04F79EFBC}") = "a_static", "10_StaticClassMethod\a_static\a_static.csproj", "{74F00C8D-CA2E-074B-25C3-BBC74E2E90B5}"
EndProject
Project("{FAE04EC0-301F-11D3-BF4B-00C04F79EFBC}") = "b_static", "10_StaticClassMethod\b_static\b_static.csproj", "{FE046FB5-97CA-B62D-34AA-34D2EBD5F2C5}"
EndProject
Project("{FAE04EC0-301F-11D3-BF4B-00C04F79EFBC}") = "1_SingleInheritance", "11_Inheritance\1_SingleInheritance\1_SingleInheritance.csproj", "{9120D6C6-C3D4-2535-FB71-3FB383CD9023}"
EndProject
Project("{FAE04EC0-301F-11D3-BF4B-00C04F79EFBC}") = "2_SingleInheritanceConstructor", "11_Inheritance\2_SingleInheritanceConstructor\2_SingleInheritanceConstructor.csproj", "{FE6C6C6D-71BB-22D9-B1D4-40D2ACAA519C}"
EndProject
Project("{FAE04EC0-301F-11D3-BF4B-00C04F79EFBC}") = "3_MultilevelInheritance", "11_Inheritance\3_MultilevelInheritance\3_MultilevelInheritance.csproj", "{F83076D3-FF39-9EC9-8F1A-467AF95C5BC1}"
EndProject
Project("{FAE04EC0-301F-11D3-BF4B-00C04F79EFBC}") = "4_HierarchicalInheritance", "11_Inheritance\4_HierarchicalInheritance\4_HierarchicalInheritance.csproj", "{38434246-769C-C367-FF4F-CACAE848B677}"
EndProject
Project("{FAE04EC0-301F-11D3-BF4B-00C04F79EFBC}") = "5_SingleSameMethod", "11_Inheritance\5_SingleSameMethod\5_SingleSameMethod.csproj", "{95610F9F-4097-6B70-AE40-AA2DBA0BD8BA}"
EndProject
Project("{FAE04EC0-301F-11D3-BF4B-00C04F79EFBC}") = "6_SingleAccessingParentMethod", "11_Inheritance\6_SingleAccessingParentMethod\6_SingleAccessingParentMethod.csproj", "{AA1692B7-4F57-2052-A1EC-D7F593AE7C57}"
EndProject
Global
	GlobalSection(SolutionConfigurationPlatforms) = preSolution
		Debug|Any CPU = Debug|Any CPU
		Release|Any CPU = Release|Any CPU
	EndGlobalSection
	GlobalSection(ProjectConfigurationPlatforms) = postSolution
		{6CFA37B7-FD1D-D71C-6263-EC559109B747}.Debug|Any CPU.ActiveCfg = Debug|Any CPU
		{6CFA37B7-FD1D-D71C-6263-EC559109B747}.Debug|Any CPU.Build.0 = Debug|Any CPU
		{6CFA37B7-FD1D-D71C-6263-EC559109B747}.Release|Any CPU.ActiveCfg = Release|Any CPU
		{6CFA37B7-FD1D-D71C-6263-EC559109B747}.Release|Any CPU.Build.0 = Release|Any CPU
		{1794AF48-B294-248E-9795-DEBC383CEBDB}.Debug|Any CPU.ActiveCfg = Debug|Any CPU
		{1794AF48-B294-248E-9795-DEBC383CEBDB}.Debug|Any CPU.Build.0 = Debug|Any CPU
		{1794AF48-B294-248E-9795-DEBC383CEBDB}.Release|Any CPU.ActiveCfg = Release|Any CPU
		{1794AF48-B294-248E-9795-DEBC383CEBDB}.Release|Any CPU.Build.0 = Release|Any CPU
		{50085792-D8CC-B195-4D94-DEA6A6CAEC1C}.Debug|Any CPU.ActiveCfg = Debug|Any CPU
		{50085792-D8CC-B195-4D94-DEA6A6CAEC1C}.Debug|Any CPU.Build.0 = Debug|Any CPU
		{50085792-D8CC-B195-4D94-DEA6A6CAEC1C}.Release|Any CPU.ActiveCfg = Release|Any CPU
		{50085792-D8CC-B195-4D94-DEA6A6CAEC1C}.Release|Any CPU.Build.0 = Release|Any CPU
		{F0478D40-CA68-0131-E686-DB0960D5D67D}.Debug|Any CPU.ActiveCfg = Debug|Any CPU
		{F0478D40-CA68-0131-E686-DB0960D5D67D}.Debug|Any CPU.Build.0 = Debug|Any CPU
		{F0478D40-CA68-0131-E686-DB0960D5D67D}.Release|Any CPU.ActiveCfg = Release|Any CPU
		{F0478D40-CA68-0131-E686-DB0960D5D67D}.Release|Any CPU.Build.0 = Release|Any CPU
		{F7300F34-8869-AD21-DFAE-503EB948E616}.Debug|Any CPU.ActiveCfg = Debug|Any CPU
		{F7300F34-8869-AD21-DFAE-503EB948E616}.Debug|Any CPU.Build.0 = Debug|Any CPU
		{F7300F34-8869-AD21-DFAE-503EB948E616}.Release|Any CPU.ActiveCfg = Release|Any CPU
		{F7300F34-8869-AD21-DFAE-503EB948E616}.Release|Any CPU.Build.0 = Release|Any CPU
		{CAEBE5BA-9BC1-375B-1593-9F03E2E8946A}.Debug|Any CPU.ActiveCfg = Debug|Any CPU
		{CAEBE5BA-9BC1-375B-1593-9F03E2E8946A}.Debug|Any CPU.Build.0 = Debug|Any CPU
		{CAEBE5BA-9BC1-375B-1593-9F03E2E8946A}.Release|Any CPU.ActiveCfg = Release|Any CPU
		{CAEBE5BA-9BC1-375B-1593-9F03E2E8946A}.Release|Any CPU.Build.0 = Release|Any CPU
		{5FB90B5D-D1CB-C3A9-6C2E-75EF6104B294}.Debug|Any CPU.ActiveCfg = Debug|Any CPU
		{5FB90B5D-D1CB-C3A9-6C2E-75EF6104B294}.Debug|Any CPU.Build.0 = Debug|Any CPU
		{5FB90B5D-D1CB-C3A9-6C2E-75EF6104B294}.Release|Any CPU.ActiveCfg = Release|Any CPU
		{5FB90B5D-D1CB-C3A9-6C2E-75EF6104B294}.Release|Any CPU.Build.0 = Release|Any CPU
		{8985BD44-F975-4ADB-D3EF-C6CC8E8D2077}.Debug|Any CPU.ActiveCfg = Debug|Any CPU
		{8985BD44-F975-4ADB-D3EF-C6CC8E8D2077}.Debug|Any CPU.Build.0 = Debug|Any CPU
		{8985BD44-F975-4ADB-D3EF-C6CC8E8D2077}.Release|Any CPU.ActiveCfg = Release|Any CPU
		{8985BD44-F975-4ADB-D3EF-C6CC8E8D2077}.Release|Any CPU.Build.0 = Release|Any CPU
		{082706ED-7F78-E636-4B1A-FB82E34F564E}.Debug|Any CPU.ActiveCfg = Debug|Any CPU
		{082706ED-7F78-E636-4B1A-FB82E34F564E}.Debug|Any CPU.Build.0 = Debug|Any CPU
		{082706ED-7F78-E636-4B1A-FB82E34F564E}.Release|Any CPU.ActiveCfg = Release|Any CPU
		{082706ED-7F78-E636-4B1A-FB82E34F564E}.Release|Any CPU.Build.0 = Release|Any CPU
		{923C5EBF-AE35-3E84-A07D-40ADAE802626}.Debug|Any CPU.ActiveCfg = Debug|Any CPU
		{923C5EBF-AE35-3E84-A07D-40ADAE802626}.Debug|Any CPU.Build.0 = Debug|Any CPU
		{923C5EBF-AE35-3E84-A07D-40ADAE802626}.Release|Any CPU.ActiveCfg = Release|Any CPU
		{923C5EBF-AE35-3E84-A07D-40ADAE802626}.Release|Any CPU.Build.0 = Release|Any CPU
		{43BEA627-8371-D8C9-70EB-0A39E2C75042}.Debug|Any CPU.ActiveCfg = Debug|Any CPU
		{43BEA627-8371-D8C9-70EB-0A39E2C75042}.Debug|Any CPU.Build.0 = Debug|Any CPU
		{43BEA627-8371-D8C9-70EB-0A39E2C75042}.Release|Any CPU.ActiveCfg = Release|Any CPU
		{43BEA627-8371-D8C9-70EB-0A39E2C75042}.Release|Any CPU.Build.0 = Release|Any CPU
		{E0537870-66A4-AD45-CDD3-C9A9EE8CF914}.Debug|Any CPU.ActiveCfg = Debug|Any CPU
		{E0537870-66A4-AD45-CDD3-C9A9EE8CF914}.Debug|Any CPU.Build.0 = Debug|Any CPU
		{E0537870-66A4-AD45-CDD3-C9A9EE8CF914}.Release|Any CPU.ActiveCfg = Release|Any CPU
		{E0537870-66A4-AD45-CDD3-C9A9EE8CF914}.Release|Any CPU.Build.0 = Release|Any CPU
		{3AD885C4-CE74-4ED2-B9DA-0F10E8B337F8}.Debug|Any CPU.ActiveCfg = Debug|Any CPU
		{3AD885C4-CE74-4ED2-B9DA-0F10E8B337F8}.Debug|Any CPU.Build.0 = Debug|Any CPU
		{3AD885C4-CE74-4ED2-B9DA-0F10E8B337F8}.Release|Any CPU.ActiveCfg = Release|Any CPU
		{3AD885C4-CE74-4ED2-B9DA-0F10E8B337F8}.Release|Any CPU.Build.0 = Release|Any CPU
		{C4BADCF5-7A7D-F24C-D95C-2D7CFA689488}.Debug|Any CPU.ActiveCfg = Debug|Any CPU
		{C4BADCF5-7A7D-F24C-D95C-2D7CFA689488}.Debug|Any CPU.Build.0 = Debug|Any CPU
		{C4BADCF5-7A7D-F24C-D95C-2D7CFA689488}.Release|Any CPU.ActiveCfg = Release|Any CPU
		{C4BADCF5-7A7D-F24C-D95C-2D7CFA689488}.Release|Any CPU.Build.0 = Release|Any CPU
		{47A8B6D1-2713-B5F4-65A0-5AA7C17BF7CA}.Debug|Any CPU.ActiveCfg = Debug|Any CPU
		{47A8B6D1-2713-B5F4-65A0-5AA7C17BF7CA}.Debug|Any CPU.Build.0 = Debug|Any CPU
		{47A8B6D1-2713-B5F4-65A0-5AA7C17BF7CA}.Release|Any CPU.ActiveCfg = Release|Any CPU
		{47A8B6D1-2713-B5F4-65A0-5AA7C17BF7CA}.Release|Any CPU.Build.0 = Release|Any CPU
		{634A2037-BAD9-3928-2F67-CD951A33C6B5}.Debug|Any CPU.ActiveCfg = Debug|Any CPU
		{634A2037-BAD9-3928-2F67-CD951A33C6B5}.Debug|Any CPU.Build.0 = Debug|Any CPU
		{634A2037-BAD9-3928-2F67-CD951A33C6B5}.Release|Any CPU.ActiveCfg = Release|Any CPU
		{634A2037-BAD9-3928-2F67-CD951A33C6B5}.Release|Any CPU.Build.0 = Release|Any CPU
		{B2B2D08C-0ACF-6A3C-DBA2-027564E1D59D}.Debug|Any CPU.ActiveCfg = Debug|Any CPU
		{B2B2D08C-0ACF-6A3C-DBA2-027564E1D59D}.Debug|Any CPU.Build.0 = Debug|Any CPU
		{B2B2D08C-0ACF-6A3C-DBA2-027564E1D59D}.Release|Any CPU.ActiveCfg = Release|Any CPU
		{B2B2D08C-0ACF-6A3C-DBA2-027564E1D59D}.Release|Any CPU.Build.0 = Release|Any CPU
		{1632D9DB-7395-810F-940A-63ABF6E83B37}.Debug|Any CPU.ActiveCfg = Debug|Any CPU
		{1632D9DB-7395-810F-940A-63ABF6E83B37}.Debug|Any CPU.Build.0 = Debug|Any CPU
		{1632D9DB-7395-810F-940A-63ABF6E83B37}.Release|Any CPU.ActiveCfg = Release|Any CPU
		{1632D9DB-7395-810F-940A-63ABF6E83B37}.Release|Any CPU.Build.0 = Release|Any CPU
		{01B049E5-E556-66A0-5425-CF3D2D551851}.Debug|Any CPU.ActiveCfg = Debug|Any CPU
		{01B049E5-E556-66A0-5425-CF3D2D551851}.Debug|Any CPU.Build.0 = Debug|Any CPU
		{01B049E5-E556-66A0-5425-CF3D2D551851}.Release|Any CPU.ActiveCfg = Release|Any CPU
		{01B049E5-E556-66A0-5425-CF3D2D551851}.Release|Any CPU.Build.0 = Release|Any CPU
		{25BAECBA-E612-953F-875D-7F262F065C66}.Debug|Any CPU.ActiveCfg = Debug|Any CPU
		{25BAECBA-E612-953F-875D-7F262F065C66}.Debug|Any CPU.Build.0 = Debug|Any CPU
		{25BAECBA-E612-953F-875D-7F262F065C66}.Release|Any CPU.ActiveCfg = Release|Any CPU
		{25BAECBA-E612-953F-875D-7F262F065C66}.Release|Any CPU.Build.0 = Release|Any CPU
		{F62F0C23-2E88-CEC5-23E5-DE5D600EE2C7}.Debug|Any CPU.ActiveCfg = Debug|Any CPU
		{F62F0C23-2E88-CEC5-23E5-DE5D600EE2C7}.Debug|Any CPU.Build.0 = Debug|Any CPU
		{F62F0C23-2E88-CEC5-23E5-DE5D600EE2C7}.Release|Any CPU.ActiveCfg = Release|Any CPU
		{F62F0C23-2E88-CEC5-23E5-DE5D600EE2C7}.Release|Any CPU.Build.0 = Release|Any CPU
		{98BD4BF0-1043-1DA7-80A9-A9100445CF3B}.Debug|Any CPU.ActiveCfg = Debug|Any CPU
		{98BD4BF0-1043-1DA7-80A9-A9100445CF3B}.Debug|Any CPU.Build.0 = Debug|Any CPU
		{98BD4BF0-1043-1DA7-80A9-A9100445CF3B}.Release|Any CPU.ActiveCfg = Release|Any CPU
		{98BD4BF0-1043-1DA7-80A9-A9100445CF3B}.Release|Any CPU.Build.0 = Release|Any CPU
		{12776F3E-DB7D-9287-A48C-0B09E952150A}.Debug|Any CPU.ActiveCfg = Debug|Any CPU
		{12776F3E-DB7D-9287-A48C-0B09E952150A}.Debug|Any CPU.Build.0 = Debug|Any CPU
		{12776F3E-DB7D-9287-A48C-0B09E952150A}.Release|Any CPU.ActiveCfg = Release|Any CPU
		{12776F3E-DB7D-9287-A48C-0B09E952150A}.Release|Any CPU.Build.0 = Release|Any CPU
		{FA12A4DD-17F8-3CD4-15F3-7E8BD8C6B8AD}.Debug|Any CPU.ActiveCfg = Debug|Any CPU
		{FA12A4DD-17F8-3CD4-15F3-7E8BD8C6B8AD}.Debug|Any CPU.Build.0 = Debug|Any CPU
		{FA12A4DD-17F8-3CD4-15F3-7E8BD8C6B8AD}.Release|Any CPU.ActiveCfg = Release|Any CPU
		{FA12A4DD-17F8-3CD4-15F3-7E8BD8C6B8AD}.Release|Any CPU.Build.0 = Release|Any CPU
		{319034E7-F022-2F54-1392-2083ECA0CAA2}.Debug|Any CPU.ActiveCfg = Debug|Any CPU
		{319034E7-F022-2F54-1392-2083ECA0CAA2}.Debug|Any CPU.Build.0 = Debug|Any CPU
		{319034E7-F022-2F54-1392-2083ECA0CAA2}.Release|Any CPU.ActiveCfg = Release|Any CPU
		{319034E7-F022-2F54-1392-2083ECA0CAA2}.Release|Any CPU.Build.0 = Release|Any CPU
		{A0E386A7-F97A-530E-6D3E-64C41E3BB810}.Debug|Any CPU.ActiveCfg = Debug|Any CPU
		{A0E386A7-F97A-530E-6D3E-64C41E3BB810}.Debug|Any CPU.Build.0 = Debug|Any CPU
		{A0E386A7-F97A-530E-6D3E-64C41E3BB810}.Release|Any CPU.ActiveCfg = Release|Any CPU
		{A0E386A7-F97A-530E-6D3E-64C41E3BB810}.Release|Any CPU.Build.0 = Release|Any CPU
		{4855D8F5-51AA-02EB-BDDA-4F21564B9646}.Debug|Any CPU.ActiveCfg = Debug|Any CPU
		{4855D8F5-51AA-02EB-BDDA-4F21564B9646}.Debug|Any CPU.Build.0 = Debug|Any CPU
		{4855D8F5-51AA-02EB-BDDA-4F21564B9646}.Release|Any CPU.ActiveCfg = Release|Any CPU
		{4855D8F5-51AA-02EB-BDDA-4F21564B9646}.Release|Any CPU.Build.0 = Release|Any CPU
		{66802042-D805-2C4A-A344-B8F672E1AEE8}.Debug|Any CPU.ActiveCfg = Debug|Any CPU
		{66802042-D805-2C4A-A344-B8F672E1AEE8}.Debug|Any CPU.Build.0 = Debug|Any CPU
		{66802042-D805-2C4A-A344-B8F672E1AEE8}.Release|Any CPU.ActiveCfg = Release|Any CPU
		{66802042-D805-2C4A-A344-B8F672E1AEE8}.Release|Any CPU.Build.0 = Release|Any CPU
		{3A17314B-D8F2-9A50-34FC-58E8E666198C}.Debug|Any CPU.ActiveCfg = Debug|Any CPU
		{3A17314B-D8F2-9A50-34FC-58E8E666198C}.Debug|Any CPU.Build.0 = Debug|Any CPU
		{3A17314B-D8F2-9A50-34FC-58E8E666198C}.Release|Any CPU.ActiveCfg = Release|Any CPU
		{3A17314B-D8F2-9A50-34FC-58E8E666198C}.Release|Any CPU.Build.0 = Release|Any CPU
		{2FC20192-0B21-8B69-CCBB-110773AE030A}.Debug|Any CPU.ActiveCfg = Debug|Any CPU
		{2FC20192-0B21-8B69-CCBB-110773AE030A}.Debug|Any CPU.Build.0 = Debug|Any CPU
		{2FC20192-0B21-8B69-CCBB-110773AE030A}.Release|Any CPU.ActiveCfg = Release|Any CPU
		{2FC20192-0B21-8B69-CCBB-110773AE030A}.Release|Any CPU.Build.0 = Release|Any CPU
		{EEA2618A-1BBF-8D0D-4197-35F447E0004E}.Debug|Any CPU.ActiveCfg = Debug|Any CPU
		{EEA2618A-1BBF-8D0D-4197-35F447E0004E}.Debug|Any CPU.Build.0 = Debug|Any CPU
		{EEA2618A-1BBF-8D0D-4197-35F447E0004E}.Release|Any CPU.ActiveCfg = Release|Any CPU
		{EEA2618A-1BBF-8D0D-4197-35F447E0004E}.Release|Any CPU.Build.0 = Release|Any CPU
		{F43E012F-9771-56BB-59AC-F494BCFB0FC6}.Debug|Any CPU.ActiveCfg = Debug|Any CPU
		{F43E012F-9771-56BB-59AC-F494BCFB0FC6}.Debug|Any CPU.Build.0 = Debug|Any CPU
		{F43E012F-9771-56BB-59AC-F494BCFB0FC6}.Release|Any CPU.ActiveCfg = Release|Any CPU
		{F43E012F-9771-56BB-59AC-F494BCFB0FC6}.Release|Any CPU.Build.0 = Release|Any CPU
		{1E1C4E73-E6A3-C4D2-AE75-704CAF79C3B2}.Debug|Any CPU.ActiveCfg = Debug|Any CPU
		{1E1C4E73-E6A3-C4D2-AE75-704CAF79C3B2}.Debug|Any CPU.Build.0 = Debug|Any CPU
		{1E1C4E73-E6A3-C4D2-AE75-704CAF79C3B2}.Release|Any CPU.ActiveCfg = Release|Any CPU
		{1E1C4E73-E6A3-C4D2-AE75-704CAF79C3B2}.Release|Any CPU.Build.0 = Release|Any CPU
		{3E81A65B-1EB1-6793-97A6-09A09FB2281D}.Debug|Any CPU.ActiveCfg = Debug|Any CPU
		{3E81A65B-1EB1-6793-97A6-09A09FB2281D}.Debug|Any CPU.Build.0 = Debug|Any CPU
		{3E81A65B-1EB1-6793-97A6-09A09FB2281D}.Release|Any CPU.ActiveCfg = Release|Any CPU
		{3E81A65B-1EB1-6793-97A6-09A09FB2281D}.Release|Any CPU.Build.0 = Release|Any CPU
		{E1DC6588-F72D-84E3-BE09-F2D8D924E6D7}.Debug|Any CPU.ActiveCfg = Debug|Any CPU
		{E1DC6588-F72D-84E3-BE09-F2D8D924E6D7}.Debug|Any CPU.Build.0 = Debug|Any CPU
		{E1DC6588-F72D-84E3-BE09-F2D8D924E6D7}.Release|Any CPU.ActiveCfg = Release|Any CPU
		{E1DC6588-F72D-84E3-BE09-F2D8D924E6D7}.Release|Any CPU.Build.0 = Release|Any CPU
		{2039B7EA-945D-E917-98DB-4248FAB11E34}.Debug|Any CPU.ActiveCfg = Debug|Any CPU
		{2039B7EA-945D-E917-98DB-4248FAB11E34}.Debug|Any CPU.Build.0 = Debug|Any CPU
		{2039B7EA-945D-E917-98DB-4248FAB11E34}.Release|Any CPU.ActiveCfg = Release|Any CPU
		{2039B7EA-945D-E917-98DB-4248FAB11E34}.Release|Any CPU.Build.0 = Release|Any CPU
		{3AD587E1-C9E3-45DA-8DA4-EF7A5D7AA8A7}.Debug|Any CPU.ActiveCfg = Debug|Any CPU
		{3AD587E1-C9E3-45DA-8DA4-EF7A5D7AA8A7}.Debug|Any CPU.Build.0 = Debug|Any CPU
		{3AD587E1-C9E3-45DA-8DA4-EF7A5D7AA8A7}.Release|Any CPU.ActiveCfg = Release|Any CPU
		{3AD587E1-C9E3-45DA-8DA4-EF7A5D7AA8A7}.Release|Any CPU.Build.0 = Release|Any CPU
		{2F09519E-C09B-B265-D65E-ED0876C6DA15}.Debug|Any CPU.ActiveCfg = Debug|Any CPU
		{2F09519E-C09B-B265-D65E-ED0876C6DA15}.Debug|Any CPU.Build.0 = Debug|Any CPU
		{2F09519E-C09B-B265-D65E-ED0876C6DA15}.Release|Any CPU.ActiveCfg = Release|Any CPU
		{2F09519E-C09B-B265-D65E-ED0876C6DA15}.Release|Any CPU.Build.0 = Release|Any CPU
		{9AE1E8A1-A995-1080-FF6C-97E8FB19F5A5}.Debug|Any CPU.ActiveCfg = Debug|Any CPU
		{9AE1E8A1-A995-1080-FF6C-97E8FB19F5A5}.Debug|Any CPU.Build.0 = Debug|Any CPU
		{9AE1E8A1-A995-1080-FF6C-97E8FB19F5A5}.Release|Any CPU.ActiveCfg = Release|Any CPU
		{9AE1E8A1-A995-1080-FF6C-97E8FB19F5A5}.Release|Any CPU.Build.0 = Release|Any CPU
		{41464DAA-C641-AA72-5492-5BFEC0478430}.Debug|Any CPU.ActiveCfg = Debug|Any CPU
		{41464DAA-C641-AA72-5492-5BFEC0478430}.Debug|Any CPU.Build.0 = Debug|Any CPU
		{41464DAA-C641-AA72-5492-5BFEC0478430}.Release|Any CPU.ActiveCfg = Release|Any CPU
		{41464DAA-C641-AA72-5492-5BFEC0478430}.Release|Any CPU.Build.0 = Release|Any CPU
		{A2D1E7D3-9AD0-E8FF-8B15-C0BB187CA171}.Debug|Any CPU.ActiveCfg = Debug|Any CPU
		{A2D1E7D3-9AD0-E8FF-8B15-C0BB187CA171}.Debug|Any CPU.Build.0 = Debug|Any CPU
		{A2D1E7D3-9AD0-E8FF-8B15-C0BB187CA171}.Release|Any CPU.ActiveCfg = Release|Any CPU
		{A2D1E7D3-9AD0-E8FF-8B15-C0BB187CA171}.Release|Any CPU.Build.0 = Release|Any CPU
		{8CC41BBB-FA84-30D6-A104-D5AECE8B5461}.Debug|Any CPU.ActiveCfg = Debug|Any CPU
		{8CC41BBB-FA84-30D6-A104-D5AECE8B5461}.Debug|Any CPU.Build.0 = Debug|Any CPU
		{8CC41BBB-FA84-30D6-A104-D5AECE8B5461}.Release|Any CPU.ActiveCfg = Release|Any CPU
		{8CC41BBB-FA84-30D6-A104-D5AECE8B5461}.Release|Any CPU.Build.0 = Release|Any CPU
		{9B4234E1-A217-0737-6C26-7E2F22D0B2E4}.Debug|Any CPU.ActiveCfg = Debug|Any CPU
		{9B4234E1-A217-0737-6C26-7E2F22D0B2E4}.Debug|Any CPU.Build.0 = Debug|Any CPU
		{9B4234E1-A217-0737-6C26-7E2F22D0B2E4}.Release|Any CPU.ActiveCfg = Release|Any CPU
		{9B4234E1-A217-0737-6C26-7E2F22D0B2E4}.Release|Any CPU.Build.0 = Release|Any CPU
		{3F9D6E75-FDF9-2FE5-3E32-7445AFA1C324}.Debug|Any CPU.ActiveCfg = Debug|Any CPU
		{3F9D6E75-FDF9-2FE5-3E32-7445AFA1C324}.Debug|Any CPU.Build.0 = Debug|Any CPU
		{3F9D6E75-FDF9-2FE5-3E32-7445AFA1C324}.Release|Any CPU.ActiveCfg = Release|Any CPU
		{3F9D6E75-FDF9-2FE5-3E32-7445AFA1C324}.Release|Any CPU.Build.0 = Release|Any CPU
		{2C889161-7C9F-5EA3-0F57-A44577A40486}.Debug|Any CPU.ActiveCfg = Debug|Any CPU
		{2C889161-7C9F-5EA3-0F57-A44577A40486}.Debug|Any CPU.Build.0 = Debug|Any CPU
		{2C889161-7C9F-5EA3-0F57-A44577A40486}.Release|Any CPU.ActiveCfg = Release|Any CPU
		{2C889161-7C9F-5EA3-0F57-A44577A40486}.Release|Any CPU.Build.0 = Release|Any CPU
		{59D3E349-F702-ECF0-22F6-2292AF4F1A04}.Debug|Any CPU.ActiveCfg = Debug|Any CPU
		{59D3E349-F702-ECF0-22F6-2292AF4F1A04}.Debug|Any CPU.Build.0 = Debug|Any CPU
		{59D3E349-F702-ECF0-22F6-2292AF4F1A04}.Release|Any CPU.ActiveCfg = Release|Any CPU
		{59D3E349-F702-ECF0-22F6-2292AF4F1A04}.Release|Any CPU.Build.0 = Release|Any CPU
		{EFDE4988-AAE5-4B9F-146C-80D0935F53B8}.Debug|Any CPU.ActiveCfg = Debug|Any CPU
		{EFDE4988-AAE5-4B9F-146C-80D0935F53B8}.Debug|Any CPU.Build.0 = Debug|Any CPU
		{EFDE4988-AAE5-4B9F-146C-80D0935F53B8}.Release|Any CPU.ActiveCfg = Release|Any CPU
		{EFDE4988-AAE5-4B9F-146C-80D0935F53B8}.Release|Any CPU.Build.0 = Release|Any CPU
		{C3ED4205-027D-8A77-D078-55B77EE83FCF}.Debug|Any CPU.ActiveCfg = Debug|Any CPU
		{C3ED4205-027D-8A77-D078-55B77EE83FCF}.Debug|Any CPU.Build.0 = Debug|Any CPU
		{C3ED4205-027D-8A77-D078-55B77EE83FCF}.Release|Any CPU.ActiveCfg = Release|Any CPU
		{C3ED4205-027D-8A77-D078-55B77EE83FCF}.Release|Any CPU.Build.0 = Release|Any CPU
		{F2613276-B701-BEAD-08B9-FAE2AFC64A54}.Debug|Any CPU.ActiveCfg = Debug|Any CPU
		{F2613276-B701-BEAD-08B9-FAE2AFC64A54}.Debug|Any CPU.Build.0 = Debug|Any CPU
		{F2613276-B701-BEAD-08B9-FAE2AFC64A54}.Release|Any CPU.ActiveCfg = Release|Any CPU
		{F2613276-B701-BEAD-08B9-FAE2AFC64A54}.Release|Any CPU.Build.0 = Release|Any CPU
		{72C54C45-23CB-A2A7-186C-67B72BCBDDA7}.Debug|Any CPU.ActiveCfg = Debug|Any CPU
		{72C54C45-23CB-A2A7-186C-67B72BCBDDA7}.Debug|Any CPU.Build.0 = Debug|Any CPU
		{72C54C45-23CB-A2A7-186C-67B72BCBDDA7}.Release|Any CPU.ActiveCfg = Release|Any CPU
		{72C54C45-23CB-A2A7-186C-67B72BCBDDA7}.Release|Any CPU.Build.0 = Release|Any CPU
		{E690D0B2-469A-330F-4A10-817AF85F1487}.Debug|Any CPU.ActiveCfg = Debug|Any CPU
		{E690D0B2-469A-330F-4A10-817AF85F1487}.Debug|Any CPU.Build.0 = Debug|Any CPU
		{E690D0B2-469A-330F-4A10-817AF85F1487}.Release|Any CPU.ActiveCfg = Release|Any CPU
		{E690D0B2-469A-330F-4A10-817AF85F1487}.Release|Any CPU.Build.0 = Release|Any CPU
		{31DBC7F4-E9AF-9ACA-E77A-7BBF75465ECE}.Debug|Any CPU.ActiveCfg = Debug|Any CPU
		{31DBC7F4-E9AF-9ACA-E77A-7BBF75465ECE}.Debug|Any CPU.Build.0 = Debug|Any CPU
		{31DBC7F4-E9AF-9ACA-E77A-7BBF75465ECE}.Release|Any CPU.ActiveCfg = Release|Any CPU
		{31DBC7F4-E9AF-9ACA-E77A-7BBF75465ECE}.Release|Any CPU.Build.0 = Release|Any CPU
		{0513F622-B912-BF8C-0506-75B2898BA70B}.Debug|Any CPU.ActiveCfg = Debug|Any CPU
		{0513F622-B912-BF8C-0506-75B2898BA70B}.Debug|Any CPU.Build.0 = Debug|Any CPU
		{0513F622-B912-BF8C-0506-75B2898BA70B}.Release|Any CPU.ActiveCfg = Release|Any CPU
		{0513F622-B912-BF8C-0506-75B2898BA70B}.Release|Any CPU.Build.0 = Release|Any CPU
		{1E45D298-B7D2-9BD8-BC10-EDC4E1406217}.Debug|Any CPU.ActiveCfg = Debug|Any CPU
		{1E45D298-B7D2-9BD8-BC10-EDC4E1406217}.Debug|Any CPU.Build.0 = Debug|Any CPU
		{1E45D298-B7D2-9BD8-BC10-EDC4E1406217}.Release|Any CPU.ActiveCfg = Release|Any CPU
		{1E45D298-B7D2-9BD8-BC10-EDC4E1406217}.Release|Any CPU.Build.0 = Release|Any CPU
		{2239FAE4-EF0E-2AC2-AAE8-C0A0EFA51ACB}.Debug|Any CPU.ActiveCfg = Debug|Any CPU
		{2239FAE4-EF0E-2AC2-AAE8-C0A0EFA51ACB}.Debug|Any CPU.Build.0 = Debug|Any CPU
		{2239FAE4-EF0E-2AC2-AAE8-C0A0EFA51ACB}.Release|Any CPU.ActiveCfg = Release|Any CPU
		{2239FAE4-EF0E-2AC2-AAE8-C0A0EFA51ACB}.Release|Any CPU.Build.0 = Release|Any CPU
		{4333873F-931A-1C38-AAE1-CA7F91B2226A}.Debug|Any CPU.ActiveCfg = Debug|Any CPU
		{4333873F-931A-1C38-AAE1-CA7F91B2226A}.Debug|Any CPU.Build.0 = Debug|Any CPU
		{4333873F-931A-1C38-AAE1-CA7F91B2226A}.Release|Any CPU.ActiveCfg = Release|Any CPU
		{4333873F-931A-1C38-AAE1-CA7F91B2226A}.Release|Any CPU.Build.0 = Release|Any CPU
		{74F00C8D-CA2E-074B-25C3-BBC74E2E90B5}.Debug|Any CPU.ActiveCfg = Debug|Any CPU
		{74F00C8D-CA2E-074B-25C3-BBC74E2E90B5}.Debug|Any CPU.Build.0 = Debug|Any CPU
		{74F00C8D-CA2E-074B-25C3-BBC74E2E90B5}.Release|Any CPU.ActiveCfg = Release|Any CPU
		{74F00C8D-CA2E-074B-25C3-BBC74E2E90B5}.Release|Any CPU.Build.0 = Release|Any CPU
		{FE046FB5-97CA-B62D-34AA-34D2EBD5F2C5}.Debug|Any CPU.ActiveCfg = Debug|Any CPU
		{FE046FB5-97CA-B62D-34AA-34D2EBD5F2C5}.Debug|Any CPU.Build.0 = Debug|Any CPU
		{FE046FB5-97CA-B62D-34AA-34D2EBD5F2C5}.Release|Any CPU.ActiveCfg = Release|Any CPU
		{FE046FB5-97CA-B62D-34AA-34D2EBD5F2C5}.Release|Any CPU.Build.0 = Release|Any CPU
		{9120D6C6-C3D4-2535-FB71-3FB383CD9023}.Debug|Any CPU.ActiveCfg = Debug|Any CPU
		{9120D6C6-C3D4-2535-FB71-3FB383CD9023}.Debug|Any CPU.Build.0 = Debug|Any CPU
		{9120D6C6-C3D4-2535-FB71-3FB383CD9023}.Release|Any CPU.ActiveCfg = Release|Any CPU
		{9120D6C6-C3D4-2535-FB71-3FB383CD9023}.Release|Any CPU.Build.0 = Release|Any CPU
		{FE6C6C6D-71BB-22D9-B1D4-40D2ACAA519C}.Debug|Any CPU.ActiveCfg = Debug|Any CPU
		{FE6C6C6D-71BB-22D9-B1D4-40D2ACAA519C}.Debug|Any CPU.Build.0 = Debug|Any CPU
		{FE6C6C6D-71BB-22D9-B1D4-40D2ACAA519C}.Release|Any CPU.ActiveCfg = Release|Any CPU
		{FE6C6C6D-71BB-22D9-B1D4-40D2ACAA519C}.Release|Any CPU.Build.0 = Release|Any CPU
		{F83076D3-FF39-9EC9-8F1A-467AF95C5BC1}.Debug|Any CPU.ActiveCfg = Debug|Any CPU
		{F83076D3-FF39-9EC9-8F1A-467AF95C5BC1}.Debug|Any CPU.Build.0 = Debug|Any CPU
		{F83076D3-FF39-9EC9-8F1A-467AF95C5BC1}.Release|Any CPU.ActiveCfg = Release|Any CPU
		{F83076D3-FF39-9EC9-8F1A-467AF95C5BC1}.Release|Any CPU.Build.0 = Release|Any CPU
		{38434246-769C-C367-FF4F-CACAE848B677}.Debug|Any CPU.ActiveCfg = Debug|Any CPU
		{38434246-769C-C367-FF4F-CACAE848B677}.Debug|Any CPU.Build.0 = Debug|Any CPU
		{38434246-769C-C367-FF4F-CACAE848B677}.Release|Any CPU.ActiveCfg = Release|Any CPU
		{38434246-769C-C367-FF4F-CACAE848B677}.Release|Any CPU.Build.0 = Release|Any CPU
		{95610F9F-4097-6B70-AE40-AA2DBA0BD8BA}.Debug|Any CPU.ActiveCfg = Debug|Any CPU
		{95610F9F-4097-6B70-AE40-AA2DBA0BD8BA}.Debug|Any CPU.Build.0 = Debug|Any CPU
		{95610F9F-4097-6B70-AE40-AA2DBA0BD8BA}.Release|Any CPU.ActiveCfg = Release|Any CPU
		{95610F9F-4097-6B70-AE40-AA2DBA0BD8BA}.Release|Any CPU.Build.0 = Release|Any CPU
		{AA1692B7-4F57-2052-A1EC-D7F593AE7C57}.Debug|Any CPU.ActiveCfg = Debug|Any CPU
		{AA1692B7-4F57-2052-A1EC-D7F593AE7C57}.Debug|Any CPU.Build.0 = Debug|Any CPU
		{AA1692B7-4F57-2052-A1EC-D7F593AE7C57}.Release|Any CPU.ActiveCfg = Release|Any CPU
		{AA1692B7-4F57-2052-A1EC-D7F593AE7C57}.Release|Any CPU.Build.0 = Release|Any CPU
	EndGlobalSection
	GlobalSection(SolutionProperties) = preSolution
		HideSolutionNode = FALSE
	EndGlobalSection
	GlobalSection(NestedProjects) = preSolution
		{6CFA37B7-FD1D-D71C-6263-EC559109B747} = {27D75311-406E-1691-F39E-2D0365CA707C}
		{1794AF48-B294-248E-9795-DEBC383CEBDB} = {27D75311-406E-1691-F39E-2D0365CA707C}
		{50085792-D8CC-B195-4D94-DEA6A6CAEC1C} = {27D75311-406E-1691-F39E-2D0365CA707C}
		{F0478D40-CA68-0131-E686-DB0960D5D67D} = {27D75311-406E-1691-F39E-2D0365CA707C}
		{F7300F34-8869-AD21-DFAE-503EB948E616} = {27D75311-406E-1691-F39E-2D0365CA707C}
		{CAEBE5BA-9BC1-375B-1593-9F03E2E8946A} = {27D75311-406E-1691-F39E-2D0365CA707C}
		{5FB90B5D-D1CB-C3A9-6C2E-75EF6104B294} = {F42F8E40-0EB6-A6F1-45AE-C3A3DD50E5D7}
		{8985BD44-F975-4ADB-D3EF-C6CC8E8D2077} = {F42F8E40-0EB6-A6F1-45AE-C3A3DD50E5D7}
		{082706ED-7F78-E636-4B1A-FB82E34F564E} = {F42F8E40-0EB6-A6F1-45AE-C3A3DD50E5D7}
		{923C5EBF-AE35-3E84-A07D-40ADAE802626} = {F42F8E40-0EB6-A6F1-45AE-C3A3DD50E5D7}
		{43BEA627-8371-D8C9-70EB-0A39E2C75042} = {F42F8E40-0EB6-A6F1-45AE-C3A3DD50E5D7}
		{E0537870-66A4-AD45-CDD3-C9A9EE8CF914} = {9341400C-54F8-032D-A12D-87B49C95C47A}
		{3AD885C4-CE74-4ED2-B9DA-0F10E8B337F8} = {9341400C-54F8-032D-A12D-87B49C95C47A}
		{C4BADCF5-7A7D-F24C-D95C-2D7CFA689488} = {9341400C-54F8-032D-A12D-87B49C95C47A}
		{47A8B6D1-2713-B5F4-65A0-5AA7C17BF7CA} = {9341400C-54F8-032D-A12D-87B49C95C47A}
		{634A2037-BAD9-3928-2F67-CD951A33C6B5} = {9341400C-54F8-032D-A12D-87B49C95C47A}
		{B2B2D08C-0ACF-6A3C-DBA2-027564E1D59D} = {9341400C-54F8-032D-A12D-87B49C95C47A}
		{1632D9DB-7395-810F-940A-63ABF6E83B37} = {8CC9B9EE-F7A8-C98B-5422-A39EF8E36CCF}
		{01B049E5-E556-66A0-5425-CF3D2D551851} = {8CC9B9EE-F7A8-C98B-5422-A39EF8E36CCF}
		{25BAECBA-E612-953F-875D-7F262F065C66} = {8CC9B9EE-F7A8-C98B-5422-A39EF8E36CCF}
		{F62F0C23-2E88-CEC5-23E5-DE5D600EE2C7} = {8CC9B9EE-F7A8-C98B-5422-A39EF8E36CCF}
		{98BD4BF0-1043-1DA7-80A9-A9100445CF3B} = {8CC9B9EE-F7A8-C98B-5422-A39EF8E36CCF}
		{12776F3E-DB7D-9287-A48C-0B09E952150A} = {8CC9B9EE-F7A8-C98B-5422-A39EF8E36CCF}
		{FA12A4DD-17F8-3CD4-15F3-7E8BD8C6B8AD} = {8CC9B9EE-F7A8-C98B-5422-A39EF8E36CCF}
		{319034E7-F022-2F54-1392-2083ECA0CAA2} = {8CC9B9EE-F7A8-C98B-5422-A39EF8E36CCF}
		{A0E386A7-F97A-530E-6D3E-64C41E3BB810} = {8CC9B9EE-F7A8-C98B-5422-A39EF8E36CCF}
		{4855D8F5-51AA-02EB-BDDA-4F21564B9646} = {45AAAC4D-AB79-25D1-B937-286EFF45002B}
		{66802042-D805-2C4A-A344-B8F672E1AEE8} = {45AAAC4D-AB79-25D1-B937-286EFF45002B}
		{3A17314B-D8F2-9A50-34FC-58E8E666198C} = {45AAAC4D-AB79-25D1-B937-286EFF45002B}
		{2FC20192-0B21-8B69-CCBB-110773AE030A} = {45AAAC4D-AB79-25D1-B937-286EFF45002B}
		{EEA2618A-1BBF-8D0D-4197-35F447E0004E} = {45AAAC4D-AB79-25D1-B937-286EFF45002B}
		{F43E012F-9771-56BB-59AC-F494BCFB0FC6} = {45AAAC4D-AB79-25D1-B937-286EFF45002B}
		{1E1C4E73-E6A3-C4D2-AE75-704CAF79C3B2} = {45AAAC4D-AB79-25D1-B937-286EFF45002B}
		{3E81A65B-1EB1-6793-97A6-09A09FB2281D} = {45AAAC4D-AB79-25D1-B937-286EFF45002B}
		{E1DC6588-F72D-84E3-BE09-F2D8D924E6D7} = {45AAAC4D-AB79-25D1-B937-286EFF45002B}
		{2039B7EA-945D-E917-98DB-4248FAB11E34} = {0E8897E6-677D-38D5-D0F7-888C5B11E5D0}
		{3AD587E1-C9E3-45DA-8DA4-EF7A5D7AA8A7} = {0E8897E6-677D-38D5-D0F7-888C5B11E5D0}
		{2F09519E-C09B-B265-D65E-ED0876C6DA15} = {0E8897E6-677D-38D5-D0F7-888C5B11E5D0}
		{9AE1E8A1-A995-1080-FF6C-97E8FB19F5A5} = {0E8897E6-677D-38D5-D0F7-888C5B11E5D0}
		{41464DAA-C641-AA72-5492-5BFEC0478430} = {0E8897E6-677D-38D5-D0F7-888C5B11E5D0}
		{A2D1E7D3-9AD0-E8FF-8B15-C0BB187CA171} = {0E8897E6-677D-38D5-D0F7-888C5B11E5D0}
		{8CC41BBB-FA84-30D6-A104-D5AECE8B5461} = {0E8897E6-677D-38D5-D0F7-888C5B11E5D0}
		{9B4234E1-A217-0737-6C26-7E2F22D0B2E4} = {0E8897E6-677D-38D5-D0F7-888C5B11E5D0}
		{3F9D6E75-FDF9-2FE5-3E32-7445AFA1C324} = {5FB9DF65-AA00-703A-AC52-E355A2FF1005}
		{2C889161-7C9F-5EA3-0F57-A44577A40486} = {5FB9DF65-AA00-703A-AC52-E355A2FF1005}
		{59D3E349-F702-ECF0-22F6-2292AF4F1A04} = {5FB9DF65-AA00-703A-AC52-E355A2FF1005}
		{EFDE4988-AAE5-4B9F-146C-80D0935F53B8} = {5FB9DF65-AA00-703A-AC52-E355A2FF1005}
		{C3ED4205-027D-8A77-D078-55B77EE83FCF} = {5FB9DF65-AA00-703A-AC52-E355A2FF1005}
		{F2613276-B701-BEAD-08B9-FAE2AFC64A54} = {5FB9DF65-AA00-703A-AC52-E355A2FF1005}
		{72C54C45-23CB-A2A7-186C-67B72BCBDDA7} = {5FB9DF65-AA00-703A-AC52-E355A2FF1005}
		{E690D0B2-469A-330F-4A10-817AF85F1487} = {5FB9DF65-AA00-703A-AC52-E355A2FF1005}
		{31DBC7F4-E9AF-9ACA-E77A-7BBF75465ECE} = {5FB9DF65-AA00-703A-AC52-E355A2FF1005}
		{0513F622-B912-BF8C-0506-75B2898BA70B} = {B0A79269-7BE9-9F6B-D38F-42B0F13258E3}
		{1E45D298-B7D2-9BD8-BC10-EDC4E1406217} = {B0A79269-7BE9-9F6B-D38F-42B0F13258E3}
		{2239FAE4-EF0E-2AC2-AAE8-C0A0EFA51ACB} = {0080C22F-30BA-0427-575C-8DA39C805279}
		{4333873F-931A-1C38-AAE1-CA7F91B2226A} = {0080C22F-30BA-0427-575C-8DA39C805279}
		{74F00C8D-CA2E-074B-25C3-BBC74E2E90B5} = {CCAA759D-2387-7912-C174-17E44E880825}
		{FE046FB5-97CA-B62D-34AA-34D2EBD5F2C5} = {CCAA759D-2387-7912-C174-17E44E880825}
		{9120D6C6-C3D4-2535-FB71-3FB383CD9023} = {3A0896B3-11CE-55E6-F5ED-2C3124C63125}
		{FE6C6C6D-71BB-22D9-B1D4-40D2ACAA519C} = {3A0896B3-11CE-55E6-F5ED-2C3124C63125}
		{F83076D3-FF39-9EC9-8F1A-467AF95C5BC1} = {3A0896B3-11CE-55E6-F5ED-2C3124C63125}
		{38434246-769C-C367-FF4F-CACAE848B677} = {3A0896B3-11CE-55E6-F5ED-2C3124C63125}
		{95610F9F-4097-6B70-AE40-AA2DBA0BD8BA} = {3A0896B3-11CE-55E6-F5ED-2C3124C63125}
		{AA1692B7-4F57-2052-A1EC-D7F593AE7C57} = {3A0896B3-11CE-55E6-F5ED-2C3124C63125}
	EndGlobalSection
	GlobalSection(ExtensibilityGlobals) = postSolution
		SolutionGuid = {8E190F5B-E8DF-4BC0-93CA-1C58CAF5AD8F}
	EndGlobalSection
EndGlobal
